
Microsoft Visual Studio Solution File, Format Version 12.00
# Visual Studio Version 17
VisualStudioVersion = 17.8.34309.116
MinimumVisualStudioVersion = 10.0.40219.1
Project("{888888A0-9F3D-457C-B088-3A5042F75D52}") = "PrintMaster3d", "PrintMaster3d\PrintMaster3d.pyproj", "{06F8DFE8-4337-4B41-AAAB-3FFDC2209CEA}"
EndProject
Global
	GlobalSection(SolutionConfigurationPlatforms) = preSolution
		Debug|Any CPU = Debug|Any CPU
		Release|Any CPU = Release|Any CPU
	EndGlobalSection
	GlobalSection(ProjectConfigurationPlatforms) = postSolution
		{06F8DFE8-4337-4B41-AAAB-3FFDC2209CEA}.Debug|Any CPU.ActiveCfg = Debug|Any CPU
		{06F8DFE8-4337-4B41-AAAB-3FFDC2209CEA}.Release|Any CPU.ActiveCfg = Release|Any CPU
	EndGlobalSection
	GlobalSection(SolutionProperties) = preSolution
		HideSolutionNode = FALSE
	EndGlobalSection
	GlobalSection(ExtensibilityGlobals) = postSolution
		SolutionGuid = {9D9D2451-4ACC-4723-B083-ADB44A1ECEC7}
	EndGlobalSection
EndGlobal
